// !$*UTF8*$!
{
	archiveVersion = 1;
	classes = {
	};
	objectVersion = 71;
	objects = {

/* Begin PBXBuildFile section */
		3D56A9413002E42500AB2B1D /* PDFMasterShareExtension.appex in Embed Foundation Extensions */ = {isa = PBXBuildFile; fileRef = 3D56A9373002E42500AB2B1D /* PDFMasterShareExtension.appex */; settings = {ATTRIBUTES = (RemoveHeadersOnCopy, ); }; };
		4A1000010000000000000001 /* PDFKit.framework in Frameworks */ = {isa = PBXBuildFile; fileRef = 4A1000010000000000000002 /* PDFKit.framework */; };
		4A1000010000000000000003 /* Vision.framework in Frameworks */ = {isa = PBXBuildFile; fileRef = 4A1000010000000000000004 /* Vision.framework */; };
		4A1000010000000000000005 /* VisionKit.framework in Frameworks */ = {isa = PBXBuildFile; fileRef = 4A1000010000000000000006 /* VisionKit.framework */; };
		4A1000010000000000000007 /* PencilKit.framework in Frameworks */ = {isa = PBXBuildFile; fileRef = 4A1000010000000000000008 /* PencilKit.framework */; };
/* End PBXBuildFile section */

/* Begin PBXContainerItemProxy section */
		3D56A93F3002E42500AB2B1D /* PBXContainerItemProxy */ = {
			isa = PBXContainerItemProxy;
			containerPortal = 4A1000010000000000000019 /* Project object */;
			proxyType = 1;
			remoteGlobalIDString = 3D56A9363002E42500AB2B1D;
			remoteInfo = PDFMasterShareExtension;
		};
/* End PBXContainerItemProxy section */

/* Begin PBXCopyFilesBuildPhase section */
		3D56A9463002E42500AB2B1D /* Embed Foundation Extensions */ = {
			isa = PBXCopyFilesBuildPhase;
			buildActionMask = 2147483647;
			dstPath = "";
			dstSubfolderSpec = 13;
			files = (
				3D56A9413002E42500AB2B1D /* PDFMasterShareExtension.appex in Embed Foundation Extensions */,
			);
			name = "Embed Foundation Extensions";
			runOnlyForDeploymentPostprocessing = 0;
		};
/* End PBXCopyFilesBuildPhase section */

/* Begin PBXFileReference section */
		3D56A9373002E42500AB2B1D /* PDFMasterShareExtension.appex */ = {isa = PBXFileReference; explicitFileType = "wrapper.app-extension"; includeInIndex = 0; path = PDFMasterShareExtension.appex; sourceTree = BUILT_PRODUCTS_DIR; };
		3D56A9493002E47F00AB2B1D /* PDF Converter.entitlements */ = {isa = PBXFileReference; lastKnownFileType = text.plist.entitlements; path = "PDF Converter.entitlements"; sourceTree = "<group>"; };
		3D56A94B3002E54700AB2B1D /* PDF-Master-AI-Info.plist */ = {isa = PBXFileReference; lastKnownFileType = text.plist; path = "PDF-Master-AI-Info.plist"; sourceTree = "<group>"; };
		4A1000010000000000000002 /* PDFKit.framework */ = {isa = PBXFileReference; lastKnownFileType = wrapper.framework; name = PDFKit.framework; path = System/Library/Frameworks/PDFKit.framework; sourceTree = SDKROOT; };
		4A1000010000000000000004 /* Vision.framework */ = {isa = PBXFileReference; lastKnownFileType = wrapper.framework; name = Vision.framework; path = System/Library/Frameworks/Vision.framework; sourceTree = SDKROOT; };
		4A1000010000000000000006 /* VisionKit.framework */ = {isa = PBXFileReference; lastKnownFileType = wrapper.framework; name = VisionKit.framework; path = System/Library/Frameworks/VisionKit.framework; sourceTree = SDKROOT; };
		4A1000010000000000000008 /* PencilKit.framework */ = {isa = PBXFileReference; lastKnownFileType = wrapper.framework; name = PencilKit.framework; path = System/Library/Frameworks/PencilKit.framework; sourceTree = SDKROOT; };
		4A1000010000000000000009 /* PDF Converter.app */ = {isa = PBXFileReference; explicitFileType = wrapper.application; includeInIndex = 0; path = "PDF Converter.app"; sourceTree = BUILT_PRODUCTS_DIR; };
/* End PBXFileReference section */

/* Begin PBXFileSystemSynchronizedBuildFileExceptionSet section */
		3D56A9423002E42500AB2B1D /* PBXFileSystemSynchronizedBuildFileExceptionSet */ = {
			isa = PBXFileSystemSynchronizedBuildFileExceptionSet;
			membershipExceptions = (
				Info.plist,
			);
			target = 3D56A9363002E42500AB2B1D /* PDFMasterShareExtension */;
		};
/* End PBXFileSystemSynchronizedBuildFileExceptionSet section */

/* Begin PBXFileSystemSynchronizedRootGroup section */
		3D56A9383002E42500AB2B1D /* PDFMasterShareExtension */ = {isa = PBXFileSystemSynchronizedRootGroup; exceptions = (3D56A9423002E42500AB2B1D /* PBXFileSystemSynchronizedBuildFileExceptionSet */, ); explicitFileTypes = {}; explicitFolders = (); path = PDFMasterShareExtension; sourceTree = "<group>"; };
		4A1000010000000000000010 /* PDFMaster */ = {isa = PBXFileSystemSynchronizedRootGroup; explicitFileTypes = {}; explicitFolders = (); path = PDFMaster; sourceTree = "<group>"; };
/* End PBXFileSystemSynchronizedRootGroup section */

/* Begin PBXFrameworksBuildPhase section */
		3D56A9343002E42500AB2B1D /* Frameworks */ = {
			isa = PBXFrameworksBuildPhase;
			buildActionMask = 2147483647;
			files = (
			);
			runOnlyForDeploymentPostprocessing = 0;
		};
		4A1000010000000000000011 /* Frameworks */ = {
			isa = PBXFrameworksBuildPhase;
			buildActionMask = 2147483647;
			files = (
				4A1000010000000000000001 /* PDFKit.framework in Frameworks */,
				4A1000010000000000000003 /* Vision.framework in Frameworks */,
				4A1000010000000000000005 /* VisionKit.framework in Frameworks */,
				4A1000010000000000000007 /* PencilKit.framework in Frameworks */,
			);
			runOnlyForDeploymentPostprocessing = 0;
		};
/* End PBXFrameworksBuildPhase section */

/* Begin PBXGroup section */
		4A1000010000000000000012 = {
			isa = PBXGroup;
			children = (
				3D56A94B3002E54700AB2B1D /* PDF-Master-AI-Info.plist */,
				3D56A9493002E47F00AB2B1D /* PDF Converter.entitlements */,
				4A1000010000000000000010 /* PDFMaster */,
				3D56A9383002E42500AB2B1D /* PDFMasterShareExtension */,
				4A1000010000000000000013 /* Frameworks */,
				4A1000010000000000000014 /* Products */,
			);
			sourceTree = "<group>";
		};
		4A1000010000000000000013 /* Frameworks */ = {
			isa = PBXGroup;
			children = (
				4A1000010000000000000002 /* PDFKit.framework */,
				4A1000010000000000000004 /* Vision.framework */,
				4A1000010000000000000006 /* VisionKit.framework */,
				4A1000010000000000000008 /* PencilKit.framework */,
			);
			name = Frameworks;
			sourceTree = "<group>";
		};
		4A1000010000000000000014 /* Products */ = {
			isa = PBXGroup;
			children = (
				4A1000010000000000000009 /* PDF Converter.app */,
				3D56A9373002E42500AB2B1D /* PDFMasterShareExtension.appex */,
			);
			name = Products;
			sourceTree = "<group>";
		};
/* End PBXGroup section */

/* Begin PBXNativeTarget section */
		3D56A9363002E42500AB2B1D /* PDFMasterShareExtension */ = {
			isa = PBXNativeTarget;
			buildConfigurationList = 3D56A9433002E42500AB2B1D /* Build configuration list for PBXNativeTarget "PDFMasterShareExtension" */;
			buildPhases = (
				3D56A9333002E42500AB2B1D /* Sources */,
				3D56A9343002E42500AB2B1D /* Frameworks */,
				3D56A9353002E42500AB2B1D /* Resources */,
			);
			buildRules = (
			);
			dependencies = (
			);
			fileSystemSynchronizedGroups = (
				3D56A9383002E42500AB2B1D /* PDFMasterShareExtension */,
			);
			name = PDFMasterShareExtension;
			packageProductDependencies = (
			);
			productName = PDFMasterShareExtension;
			productReference = 3D56A9373002E42500AB2B1D /* PDFMasterShareExtension.appex */;
			productType = "com.apple.product-type.app-extension";
		};
		4A1000010000000000000015 /* PDF Converter */ = {
			isa = PBXNativeTarget;
			buildConfigurationList = 4A1000010000000000000016 /* Build configuration list for PBXNativeTarget "PDF Converter" */;
			buildPhases = (
				4A1000010000000000000017 /* Sources */,
				4A1000010000000000000011 /* Frameworks */,
				4A1000010000000000000018 /* Resources */,
				3D56A9463002E42500AB2B1D /* Embed Foundation Extensions */,
			);
			buildRules = (
			);
			dependencies = (
				3D56A9403002E42500AB2B1D /* PBXTargetDependency */,
			);
			fileSystemSynchronizedGroups = (
				4A1000010000000000000010 /* PDFMaster */,
			);
			name = "PDF Converter";
			packageProductDependencies = (
			);
			productName = PDFMaster;
			productReference = 4A1000010000000000000009 /* PDF Converter.app */;
			productType = "com.apple.product-type.application";
		};
/* End PBXNativeTarget section */

/* Begin PBXProject section */
		4A1000010000000000000019 /* Project object */ = {
			isa = PBXProject;
			attributes = {
				BuildIndependentTargetsInParallel = 1;
				LastSwiftUpdateCheck = 2620;
				LastUpgradeCheck = 1600;
				TargetAttributes = {
					3D56A9363002E42500AB2B1D = {
						CreatedOnToolsVersion = 26.2;
					};
					4A1000010000000000000015 = {
						CreatedOnToolsVersion = 16.0;
					};
				};
			};
			buildConfigurationList = 4A1000010000000000000020 /* Build configuration list for PBXProject "PDFMaster" */;
			compatibilityVersion = "Xcode 16.0";
			developmentRegion = en;
			hasScannedForEncodings = 0;
			knownRegions = (
				en,
				Base,
			);
			mainGroup = 4A1000010000000000000012;
			minimizedProjectReferenceProxies = 1;
			productRefGroup = 4A1000010000000000000014 /* Products */;
			projectDirPath = "";
			projectRoot = "";
			targets = (
				4A1000010000000000000015 /* PDF Converter */,
				3D56A9363002E42500AB2B1D /* PDFMasterShareExtension */,
			);
		};
/* End PBXProject section */

/* Begin PBXResourcesBuildPhase section */
		3D56A9353002E42500AB2B1D /* Resources */ = {
			isa = PBXResourcesBuildPhase;
			buildActionMask = 2147483647;
			files = (
			);
			runOnlyForDeploymentPostprocessing = 0;
		};
		4A1000010000000000000018 /* Resources */ = {
			isa = PBXResourcesBuildPhase;
			buildActionMask = 2147483647;
			files = (
			);
			runOnlyForDeploymentPostprocessing = 0;
		};
/* End PBXResourcesBuildPhase section */

/* Begin PBXSourcesBuildPhase section */
		3D56A9333002E42500AB2B1D /* Sources */ = {
			isa = PBXSourcesBuildPhase;
			buildActionMask = 2147483647;
			files = (
			);
			runOnlyForDeploymentPostprocessing = 0;
		};
		4A1000010000000000000017 /* Sources */ = {
			isa = PBXSourcesBuildPhase;
			buildActionMask = 2147483647;
			files = (
			);
			runOnlyForDeploymentPostprocessing = 0;
		};
/* End PBXSourcesBuildPhase section */

/* Begin PBXTargetDependency section */
		3D56A9403002E42500AB2B1D /* PBXTargetDependency */ = {
			isa = PBXTargetDependency;
			target = 3D56A9363002E42500AB2B1D /* PDFMasterShareExtension */;
			targetProxy = 3D56A93F3002E42500AB2B1D /* PBXContainerItemProxy */;
		};
/* End PBXTargetDependency section */

/* Begin XCBuildConfiguration section */
		3D56A9443002E42500AB2B1D /* Debug */ = {
			isa = XCBuildConfiguration;
			buildSettings = {
				ASSETCATALOG_COMPILER_GENERATE_SWIFT_ASSET_SYMBOL_EXTENSIONS = YES;
				CLANG_WARN_OBJC_ROOT_CLASS = YES_ERROR;
				CLANG_WARN__DUPLICATE_METHOD_MATCH = YES;
				CODE_SIGN_ENTITLEMENTS = PDFMasterShareExtension/PDFMasterShareExtension.entitlements;
				CODE_SIGN_STYLE = Automatic;
				CURRENT_PROJECT_VERSION = 1;
				DEVELOPMENT_TEAM = D3L96X2NB7;
				GCC_PREPROCESSOR_DEFINITIONS = (
					"DEBUG=1",
					"$(inherited)",
				);
				GENERATE_INFOPLIST_FILE = YES;
				INFOPLIST_FILE = PDFMasterShareExtension/Info.plist;
				INFOPLIST_KEY_CFBundleDisplayName = PDFMasterShareExtension;
				INFOPLIST_KEY_NSHumanReadableCopyright = "";
				IPHONEOS_DEPLOYMENT_TARGET = 17.0;
				LD_RUNPATH_SEARCH_PATHS = (
					"$(inherited)",
					"@executable_path/Frameworks",
					"@executable_path/../../Frameworks",
				);
				LOCALIZATION_PREFERS_STRING_CATALOGS = YES;
				MARKETING_VERSION = 1.0;
				PRODUCT_BUNDLE_IDENTIFIER = com.hp.app.imageTopdf.import;
				PRODUCT_NAME = "$(TARGET_NAME)";
				SKIP_INSTALL = YES;
				STRING_CATALOG_GENERATE_SYMBOLS = YES;
				SWIFT_ACTIVE_COMPILATION_CONDITIONS = "DEBUG $(inherited)";
				SWIFT_APPROACHABLE_CONCURRENCY = YES;
				SWIFT_EMIT_LOC_STRINGS = YES;
				SWIFT_UPCOMING_FEATURE_MEMBER_IMPORT_VISIBILITY = YES;
				SWIFT_VERSION = 5.0;
				TARGETED_DEVICE_FAMILY = "1,2";
			};
			name = Debug;
		};
		3D56A9453002E42500AB2B1D /* Release */ = {
			isa = XCBuildConfiguration;
			buildSettings = {
				ASSETCATALOG_COMPILER_GENERATE_SWIFT_ASSET_SYMBOL_EXTENSIONS = YES;
				CLANG_WARN_OBJC_ROOT_CLASS = YES_ERROR;
				CLANG_WARN__DUPLICATE_METHOD_MATCH = YES;
				CODE_SIGN_ENTITLEMENTS = PDFMasterShareExtension/PDFMasterShareExtension.entitlements;
				CODE_SIGN_STYLE = Automatic;
				CURRENT_PROJECT_VERSION = 1;
				DEVELOPMENT_TEAM = D3L96X2NB7;
				GENERATE_INFOPLIST_FILE = YES;
				INFOPLIST_FILE = PDFMasterShareExtension/Info.plist;
				INFOPLIST_KEY_CFBundleDisplayName = PDFMasterShareExtension;
				INFOPLIST_KEY_NSHumanReadableCopyright = "";
				IPHONEOS_DEPLOYMENT_TARGET = 17.0;
				LD_RUNPATH_SEARCH_PATHS = (
					"$(inherited)",
					"@executable_path/Frameworks",
					"@executable_path/../../Frameworks",
				);
				LOCALIZATION_PREFERS_STRING_CATALOGS = YES;
				MARKETING_VERSION = 1.0;
				PRODUCT_BUNDLE_IDENTIFIER = com.hp.app.imageTopdf.import;
				PRODUCT_NAME = "$(TARGET_NAME)";
				SKIP_INSTALL = YES;
				STRING_CATALOG_GENERATE_SYMBOLS = YES;
				SWIFT_APPROACHABLE_CONCURRENCY = YES;
				SWIFT_EMIT_LOC_STRINGS = YES;
				SWIFT_UPCOMING_FEATURE_MEMBER_IMPORT_VISIBILITY = YES;
				SWIFT_VERSION = 5.0;
				TARGETED_DEVICE_FAMILY = "1,2";
			};
			name = Release;
		};
		4A1000010000000000000021 /* Debug */ = {
			isa = XCBuildConfiguration;
			buildSettings = {
				ALWAYS_SEARCH_USER_PATHS = NO;
				CLANG_ANALYZER_NONNULL = YES;
				CLANG_ANALYZER_NUMBER_OBJECT_CONVERSION = YES_AGGRESSIVE;
				CLANG_CXX_LANGUAGE_STANDARD = "gnu++20";
				CLANG_ENABLE_MODULES = YES;
				CLANG_ENABLE_OBJC_ARC = YES;
				CLANG_ENABLE_OBJC_WEAK = YES;
				CLANG_WARN_BLOCK_CAPTURE_AUTORELEASING = YES;
				CLANG_WARN_BOOL_CONVERSION = YES;
				CLANG_WARN_COMMA = YES;
				CLANG_WARN_CONSTANT_CONVERSION = YES;
				CLANG_WARN_DEPRECATED_OBJC_IMPLEMENTATIONS = YES;
				CLANG_WARN_DIRECT_OBJC_ISA_USAGE = YES_ERROR;
				CLANG_WARN_DOCUMENTATION_COMMENTS = YES;
				CLANG_WARN_EMPTY_BODY = YES;
				CLANG_WARN_ENUM_CONVERSION = YES;
				CLANG_WARN_INFINITE_RECURSION = YES;
				CLANG_WARN_INT_CONVERSION = YES;
				CLANG_WARN_NON_LITERAL_NULL_CONVERSION = YES;
				CLANG_WARN_OBJC_IMPLICIT_RETAIN_SELF = YES;
				CLANG_WARN_OBJC_LITERAL_CONVERSION = YES;
				CLANG_WARN_QUOTED_INCLUDE_IN_FRAMEWORK_HEADER = YES;
				CLANG_WARN_RANGE_LOOP_ANALYSIS = YES;
				CLANG_WARN_STRICT_PROTOTYPES = YES;
				CLANG_WARN_SUSPICIOUS_MOVE = YES;
				CLANG_WARN_UNGUARDED_AVAILABILITY = YES_AGGRESSIVE;
				CLANG_WARN_UNREACHABLE_CODE = YES;
				COPY_PHASE_STRIP = NO;
				DEBUG_INFORMATION_FORMAT = dwarf;
				ENABLE_STRICT_OBJC_MSGSEND = YES;
				ENABLE_TESTABILITY = YES;
				ENABLE_USER_SCRIPT_SANDBOXING = YES;
				GCC_C_LANGUAGE_STANDARD = gnu17;
				GCC_DYNAMIC_NO_PIC = NO;
				GCC_NO_COMMON_BLOCKS = YES;
				GCC_OPTIMIZATION_LEVEL = 0;
				GCC_PREPROCESSOR_DEFINITIONS = "DEBUG=1";
				GCC_WARN_64_TO_32_BIT_CONVERSION = YES;
				GCC_WARN_ABOUT_RETURN_TYPE = YES_ERROR;
				GCC_WARN_UNDECLARED_SELECTOR = YES;
				GCC_WARN_UNINITIALIZED_AUTOS = YES_AGGRESSIVE;
				GCC_WARN_UNUSED_FUNCTION = YES;
				GCC_WARN_UNUSED_VARIABLE = YES;
				IPHONEOS_DEPLOYMENT_TARGET = 17.0;
				MTL_ENABLE_DEBUG_INFO = INCLUDE_SOURCE;
				MTL_FAST_MATH = YES;
				ONLY_ACTIVE_ARCH = YES;
				SDKROOT = iphoneos;
				SWIFT_ACTIVE_COMPILATION_CONDITIONS = DEBUG;
				SWIFT_OPTIMIZATION_LEVEL = "-Onone";
			};
			name = Debug;
		};
		4A1000010000000000000022 /* Release */ = {
			isa = XCBuildConfiguration;
			buildSettings = {
				ALWAYS_SEARCH_USER_PATHS = NO;
				CLANG_ANALYZER_NONNULL = YES;
				CLANG_ANALYZER_NUMBER_OBJECT_CONVERSION = YES_AGGRESSIVE;
				CLANG_CXX_LANGUAGE_STANDARD = "gnu++20";
				CLANG_ENABLE_MODULES = YES;
				CLANG_ENABLE_OBJC_ARC = YES;
				CLANG_ENABLE_OBJC_WEAK = YES;
				CLANG_WARN_BLOCK_CAPTURE_AUTORELEASING = YES;
				CLANG_WARN_BOOL_CONVERSION = YES;
				CLANG_WARN_COMMA = YES;
				CLANG_WARN_CONSTANT_CONVERSION = YES;
				CLANG_WARN_DEPRECATED_OBJC_IMPLEMENTATIONS = YES;
				CLANG_WARN_DIRECT_OBJC_ISA_USAGE = YES_ERROR;
				CLANG_WARN_DOCUMENTATION_COMMENTS = YES;
				CLANG_WARN_EMPTY_BODY = YES;
				CLANG_WARN_ENUM_CONVERSION = YES;
				CLANG_WARN_INFINITE_RECURSION = YES;
				CLANG_WARN_INT_CONVERSION = YES;
				CLANG_WARN_NON_LITERAL_NULL_CONVERSION = YES;
				CLANG_WARN_OBJC_IMPLICIT_RETAIN_SELF = YES;
				CLANG_WARN_OBJC_LITERAL_CONVERSION = YES;
				CLANG_WARN_QUOTED_INCLUDE_IN_FRAMEWORK_HEADER = YES;
				CLANG_WARN_RANGE_LOOP_ANALYSIS = YES;
				CLANG_WARN_STRICT_PROTOTYPES = YES;
				CLANG_WARN_SUSPICIOUS_MOVE = YES;
				CLANG_WARN_UNGUARDED_AVAILABILITY = YES_AGGRESSIVE;
				CLANG_WARN_UNREACHABLE_CODE = YES;
				COPY_PHASE_STRIP = NO;
				DEBUG_INFORMATION_FORMAT = "dwarf-with-dsym";
				ENABLE_NS_ASSERTIONS = NO;
				ENABLE_STRICT_OBJC_MSGSEND = YES;
				ENABLE_USER_SCRIPT_SANDBOXING = YES;
				GCC_C_LANGUAGE_STANDARD = gnu17;
				GCC_NO_COMMON_BLOCKS = YES;
				GCC_WARN_64_TO_32_BIT_CONVERSION = YES;
				GCC_WARN_ABOUT_RETURN_TYPE = YES_ERROR;
				GCC_WARN_UNDECLARED_SELECTOR = YES;
				GCC_WARN_UNINITIALIZED_AUTOS = YES_AGGRESSIVE;
				GCC_WARN_UNUSED_FUNCTION = YES;
				GCC_WARN_UNUSED_VARIABLE = YES;
				IPHONEOS_DEPLOYMENT_TARGET = 17.0;
				MTL_ENABLE_DEBUG_INFO = NO;
				MTL_FAST_MATH = YES;
				SDKROOT = iphoneos;
				SWIFT_COMPILATION_MODE = wholemodule;
				VALIDATE_PRODUCT = YES;
			};
			name = Release;
		};
		4A1000010000000000000023 /* Debug */ = {
			isa = XCBuildConfiguration;
			buildSettings = {
				CODE_SIGN_ENTITLEMENTS = "PDF Converter.entitlements";
				CODE_SIGN_STYLE = Automatic;
				CURRENT_PROJECT_VERSION = 1;
				DEVELOPMENT_ASSET_PATHS = "";
				DEVELOPMENT_TEAM = D3L96X2NB7;
				GENERATE_INFOPLIST_FILE = YES;
				INFOPLIST_FILE = "PDF-Master-AI-Info.plist";
				INFOPLIST_KEY_CFBundleDisplayName = "PDF Converter";
				INFOPLIST_KEY_LSApplicationCategoryType = "public.app-category.productivity";
				INFOPLIST_KEY_NSCameraUsageDescription = "PDF Converter uses the camera to scan documents into PDF files.";
				INFOPLIST_KEY_NSFaceIDUsageDescription = "PDF Converter uses Face ID to protect your local documents when app lock is enabled.";
				INFOPLIST_KEY_NSPhotoLibraryAddUsageDescription = "PDF Converter exports converted PDF pages as images to your photo library when requested.";
				INFOPLIST_KEY_NSPhotoLibraryUsageDescription = "PDF Converter imports images so you can convert them into PDFs.";
				INFOPLIST_KEY_UILaunchStoryboardName = LaunchScreen;
				INFOPLIST_KEY_UISupportedInterfaceOrientations = "UIInterfaceOrientationPortrait UIInterfaceOrientationPortraitUpsideDown";
				IPHONEOS_DEPLOYMENT_TARGET = 17.0;
				LD_RUNPATH_SEARCH_PATHS = (
					"$(inherited)",
					"@executable_path/Frameworks",
				);
				MARKETING_VERSION = 1.0;
				PRODUCT_BUNDLE_IDENTIFIER = com.hp.app.imageTopdf;
				PRODUCT_NAME = "PDF Converter";
				SWIFT_EMIT_LOC_STRINGS = YES;
				SWIFT_VERSION = 5.0;
				TARGETED_DEVICE_FAMILY = "1,2";
			};
			name = Debug;
		};
		4A1000010000000000000024 /* Release */ = {
			isa = XCBuildConfiguration;
			buildSettings = {
				CODE_SIGN_ENTITLEMENTS = "PDF Converter.entitlements";
				CODE_SIGN_STYLE = Automatic;
				CURRENT_PROJECT_VERSION = 1;
				DEVELOPMENT_ASSET_PATHS = "";
				DEVELOPMENT_TEAM = D3L96X2NB7;
				GENERATE_INFOPLIST_FILE = YES;
				INFOPLIST_FILE = "PDF-Master-AI-Info.plist";
				INFOPLIST_KEY_CFBundleDisplayName = "PDF Converter";
				INFOPLIST_KEY_LSApplicationCategoryType = "public.app-category.productivity";
				INFOPLIST_KEY_NSCameraUsageDescription = "PDF Converter uses the camera to scan documents into PDF files.";
				INFOPLIST_KEY_NSFaceIDUsageDescription = "PDF Converter uses Face ID to protect your local documents when app lock is enabled.";
				INFOPLIST_KEY_NSPhotoLibraryAddUsageDescription = "PDF Converter exports converted PDF pages as images to your photo library when requested.";
				INFOPLIST_KEY_NSPhotoLibraryUsageDescription = "PDF Converter imports images so you can convert them into PDFs.";
				INFOPLIST_KEY_UILaunchStoryboardName = LaunchScreen;
				INFOPLIST_KEY_UISupportedInterfaceOrientations = "UIInterfaceOrientationPortrait UIInterfaceOrientationPortraitUpsideDown";
				IPHONEOS_DEPLOYMENT_TARGET = 17.0;
				LD_RUNPATH_SEARCH_PATHS = (
					"$(inherited)",
					"@executable_path/Frameworks",
				);
				MARKETING_VERSION = 1.0;
				PRODUCT_BUNDLE_IDENTIFIER = com.hp.app.imageTopdf;
				PRODUCT_NAME = "PDF Converter";
				SWIFT_EMIT_LOC_STRINGS = YES;
				SWIFT_VERSION = 5.0;
				TARGETED_DEVICE_FAMILY = "1,2";
			};
			name = Release;
		};
/* End XCBuildConfiguration section */

/* Begin XCConfigurationList section */
		3D56A9433002E42500AB2B1D /* Build configuration list for PBXNativeTarget "PDFMasterShareExtension" */ = {
			isa = XCConfigurationList;
			buildConfigurations = (
				3D56A9443002E42500AB2B1D /* Debug */,
				3D56A9453002E42500AB2B1D /* Release */,
			);
			defaultConfigurationIsVisible = 0;
			defaultConfigurationName = Release;
		};
		4A1000010000000000000016 /* Build configuration list for PBXNativeTarget "PDF Converter" */ = {
			isa = XCConfigurationList;
			buildConfigurations = (
				4A1000010000000000000023 /* Debug */,
				4A1000010000000000000024 /* Release */,
			);
			defaultConfigurationIsVisible = 0;
			defaultConfigurationName = Release;
		};
		4A1000010000000000000020 /* Build configuration list for PBXProject "PDFMaster" */ = {
			isa = XCConfigurationList;
			buildConfigurations = (
				4A1000010000000000000021 /* Debug */,
				4A1000010000000000000022 /* Release */,
			);
			defaultConfigurationIsVisible = 0;
			defaultConfigurationName = Release;
		};
/* End XCConfigurationList section */
	};
	rootObject = 4A1000010000000000000019 /* Project object */;
}
